<Solution>
  <Project Path="Protostar.csproj" />
  <Project Path="FMODUnityResonanceEditor.csproj" />
  <Project Path="FMODUnityEditor.csproj" />
  <Project Path="FMODUnity.csproj" />
  <Project Path="Unity.InputSystem.ForUI.csproj" />
  <Project Path="Assembly-CSharp.csproj" />
  <Project Path="Unity.AI.Navigation.csproj" />
  <Project Path="Unity.Collections.CodeGen.csproj" />
  <Project Path="Unity.Mathematics.Editor.csproj" />
  <Project Path="Unity.VisualScripting.SettingsProvider.Editor.csproj" />
  <Project Path="UnityEditor.UI.Analytics.csproj" />
  <Project Path="Assembly-CSharp-Editor.csproj" />
  <Project Path="NewAssembly.csproj" />
  <Project Path="FMODUnityResonance.csproj" />
</Solution>
